
Microsoft Visual Studio Solution File, Format Version 12.00
# Visual Studio Version 17
VisualStudioVersion = 17.9.34622.214
MinimumVisualStudioVersion = 10.0.40219.1
Project("{FAE04EC0-301F-11D3-BF4B-00C04F79EFBC}") = "MDLibrary", "MDLibrary\MDLibrary.csproj", "{93658DAB-0C58-4FD8-8DAA-0B3F0243C2BF}"
EndProject
Global
	GlobalSection(SolutionConfigurationPlatforms) = preSolution
		Debug|Any CPU = Debug|Any CPU
		Release|Any CPU = Release|Any CPU
	EndGlobalSection
	GlobalSection(ProjectConfigurationPlatforms) = postSolution
		{93658DAB-0C58-4FD8-8DAA-0B3F0243C2BF}.Debug|Any CPU.ActiveCfg = Debug|Any CPU
		{93658DAB-0C58-4FD8-8DAA-0B3F0243C2BF}.Debug|Any CPU.Build.0 = Debug|Any CPU
		{93658DAB-0C58-4FD8-8DAA-0B3F0243C2BF}.Release|Any CPU.ActiveCfg = Release|Any CPU
		{93658DAB-0C58-4FD8-8DAA-0B3F0243C2BF}.Release|Any CPU.Build.0 = Release|Any CPU
	EndGlobalSection
	GlobalSection(SolutionProperties) = preSolution
		HideSolutionNode = FALSE
	EndGlobalSection
	GlobalSection(ExtensibilityGlobals) = postSolution
		SolutionGuid = {BAF1E86C-4EC3-4B3E-AD71-42457E66FC68}
	EndGlobalSection
EndGlobal
